
Microsoft Visual Studio Solution File, Format Version 11.00
# Visual Studio 2010
Project("{FAE04EC0-301F-11D3-BF4B-00C04F79EFBC}") = "NHibDemo2010", "NHibDemo2010\NHibDemo2010.csproj", "{B69C326E-91B5-4CB7-A112-27A6EFC5C993}"
EndProject
Global
	GlobalSection(SolutionConfigurationPlatforms) = preSolution
		Debug|Any CPU = Debug|Any CPU
		Release|Any CPU = Release|Any CPU
	EndGlobalSection
	GlobalSection(ProjectConfigurationPlatforms) = postSolution
		{B69C326E-91B5-4CB7-A112-27A6EFC5C993}.Debug|Any CPU.ActiveCfg = Debug|Any CPU
		{B69C326E-91B5-4CB7-A112-27A6EFC5C993}.Debug|Any CPU.Build.0 = Debug|Any CPU
		{B69C326E-91B5-4CB7-A112-27A6EFC5C993}.Release|Any CPU.ActiveCfg = Release|Any CPU
		{B69C326E-91B5-4CB7-A112-27A6EFC5C993}.Release|Any CPU.Build.0 = Release|Any CPU
	EndGlobalSection
	GlobalSection(SolutionProperties) = preSolution
		HideSolutionNode = FALSE
	EndGlobalSection
EndGlobal
